
Microsoft Visual Studio Solution File, Format Version 12.00
# Visual Studio Version 17
VisualStudioVersion = 17.4.33110.190
MinimumVisualStudioVersion = 10.0.40219.1
Project("{FAE04EC0-301F-11D3-BF4B-00C04F79EFBC}") = "Door2DoorFrontEnd", "Door2DoorFrontEnd\Door2DoorFrontEnd.csproj", "{88E37DFA-8684-4294-878E-0164D8AC21D3}"
EndProject
Project("{9A19103F-16F7-4668-BE54-9A1E7A4F7556}") = "Door2DoorLib", "Door2DoorLib\Door2DoorLib.csproj", "{F76B39B2-89EE-4BCD-BF99-D8BB42234BC1}"
EndProject
Project("{9A19103F-16F7-4668-BE54-9A1E7A4F7556}") = "Door2DoorLibTester", "Door2DoorLibTester\Door2DoorLibTester.csproj", "{A9236B20-412A-4E1C-A66F-AD633E0F06DB}"
EndProject
Global
	GlobalSection(SolutionConfigurationPlatforms) = preSolution
		Debug|Any CPU = Debug|Any CPU
		Release|Any CPU = Release|Any CPU
	EndGlobalSection
	GlobalSection(ProjectConfigurationPlatforms) = postSolution
		{88E37DFA-8684-4294-878E-0164D8AC21D3}.Debug|Any CPU.ActiveCfg = Debug|Any CPU
		{88E37DFA-8684-4294-878E-0164D8AC21D3}.Debug|Any CPU.Build.0 = Debug|Any CPU
		{88E37DFA-8684-4294-878E-0164D8AC21D3}.Release|Any CPU.ActiveCfg = Release|Any CPU
		{88E37DFA-8684-4294-878E-0164D8AC21D3}.Release|Any CPU.Build.0 = Release|Any CPU
		{F76B39B2-89EE-4BCD-BF99-D8BB42234BC1}.Debug|Any CPU.ActiveCfg = Debug|Any CPU
		{F76B39B2-89EE-4BCD-BF99-D8BB42234BC1}.Debug|Any CPU.Build.0 = Debug|Any CPU
		{F76B39B2-89EE-4BCD-BF99-D8BB42234BC1}.Release|Any CPU.ActiveCfg = Release|Any CPU
		{F76B39B2-89EE-4BCD-BF99-D8BB42234BC1}.Release|Any CPU.Build.0 = Release|Any CPU
		{A9236B20-412A-4E1C-A66F-AD633E0F06DB}.Debug|Any CPU.ActiveCfg = Debug|Any CPU
		{A9236B20-412A-4E1C-A66F-AD633E0F06DB}.Debug|Any CPU.Build.0 = Debug|Any CPU
		{A9236B20-412A-4E1C-A66F-AD633E0F06DB}.Release|Any CPU.ActiveCfg = Release|Any CPU
		{A9236B20-412A-4E1C-A66F-AD633E0F06DB}.Release|Any CPU.Build.0 = Release|Any CPU
	EndGlobalSection
	GlobalSection(SolutionProperties) = preSolution
		HideSolutionNode = FALSE
	EndGlobalSection
	GlobalSection(ExtensibilityGlobals) = postSolution
		SolutionGuid = {139E6F65-9A93-4D3C-8C09-FBC0A51B690F}
	EndGlobalSection
EndGlobal
