
Microsoft Visual Studio Solution File, Format Version 12.00
# Visual Studio Version 17
VisualStudioVersion = 17.4.33213.308
MinimumVisualStudioVersion = 10.0.40219.1
Project("{9A19103F-16F7-4668-BE54-9A1E7A4F7556}") = "Door2DoorLib", "Door2DoorLib\Door2DoorLib.csproj", "{94D395FD-1F49-444A-BD6F-176DA511B20F}"
EndProject
Project("{9A19103F-16F7-4668-BE54-9A1E7A4F7556}") = "Door2DoorLibTester", "Door2DoorLibTester\Door2DoorLibTester.csproj", "{604B2633-0C3A-49C2-99F7-B5E54C3C6C76}"
EndProject
Project("{FAE04EC0-301F-11D3-BF4B-00C04F79EFBC}") = "D2DFrontend", "d2dfrontend\D2DFrontend.csproj", "{7D81FA0B-28F8-4B3C-B0DF-24BC19702877}"
EndProject
Global
	GlobalSection(SolutionConfigurationPlatforms) = preSolution
		Debug|Any CPU = Debug|Any CPU
		Release|Any CPU = Release|Any CPU
	EndGlobalSection
	GlobalSection(ProjectConfigurationPlatforms) = postSolution
		{94D395FD-1F49-444A-BD6F-176DA511B20F}.Debug|Any CPU.ActiveCfg = Debug|Any CPU
		{94D395FD-1F49-444A-BD6F-176DA511B20F}.Debug|Any CPU.Build.0 = Debug|Any CPU
		{94D395FD-1F49-444A-BD6F-176DA511B20F}.Release|Any CPU.ActiveCfg = Release|Any CPU
		{94D395FD-1F49-444A-BD6F-176DA511B20F}.Release|Any CPU.Build.0 = Release|Any CPU
		{604B2633-0C3A-49C2-99F7-B5E54C3C6C76}.Debug|Any CPU.ActiveCfg = Debug|Any CPU
		{604B2633-0C3A-49C2-99F7-B5E54C3C6C76}.Debug|Any CPU.Build.0 = Debug|Any CPU
		{604B2633-0C3A-49C2-99F7-B5E54C3C6C76}.Release|Any CPU.ActiveCfg = Release|Any CPU
		{604B2633-0C3A-49C2-99F7-B5E54C3C6C76}.Release|Any CPU.Build.0 = Release|Any CPU
		{7D81FA0B-28F8-4B3C-B0DF-24BC19702877}.Debug|Any CPU.ActiveCfg = Debug|Any CPU
		{7D81FA0B-28F8-4B3C-B0DF-24BC19702877}.Debug|Any CPU.Build.0 = Debug|Any CPU
		{7D81FA0B-28F8-4B3C-B0DF-24BC19702877}.Release|Any CPU.ActiveCfg = Release|Any CPU
		{7D81FA0B-28F8-4B3C-B0DF-24BC19702877}.Release|Any CPU.Build.0 = Release|Any CPU
	EndGlobalSection
	GlobalSection(SolutionProperties) = preSolution
		HideSolutionNode = FALSE
	EndGlobalSection
	GlobalSection(ExtensibilityGlobals) = postSolution
		SolutionGuid = {9F2C93FB-218F-45C8-9E2C-D5EDAC6B1A8E}
	EndGlobalSection
EndGlobal
